{
  "name": "dacar",
  "version": "1.0.0-rc.3",
  "lockfileVersion": 3,
  "requires": true,
  "packages": {
    "": {
      "name": "dacar",
      "version": "1.0.0-rc.3",
      "license": "EUPL-1.2",
      "dependencies": {
        "@reticulum/core": "file:../../reticulum-js/packages/core"
      }
    },
    "../../reticulum-js/packages/core": {
      "name": "@reticulum/core",
      "version": "0.5.0",
      "license": "EUPL-1.2"
    },
    "node_modules/@reticulum/core": {
      "resolved": "../../reticulum-js/packages/core",
      "link": true
    }
  }
}
