{
  "name": "@reticulum/dacar",
  "version": "1.2.2",
  "lockfileVersion": 3,
  "requires": true,
  "packages": {
    "": {
      "name": "@reticulum/dacar",
      "version": "1.1.2",
      "license": "EUPL-1.2",
      "dependencies": {
        "@reticulum/core": "^0.6.5",
        "@reticulum/node": "^0.6.5",
        "@types/node": "^26.2.0"
      },
      "bin": {
        "dacar": "src/cli/dacar.js"
      },
      "engines": {
        "node": ">=20"
      }
    },
    "node_modules/@reticulum/core": {
      "version": "0.6.5",
      "resolved": "https://registry.npmjs.org/@reticulum/core/-/core-0.6.5.tgz",
      "integrity": "sha512-EDU4NJtnNj6csmecHQcKWr5H+p4cTHAPYlj8j/cB46s+tLtPwKuMxPDD7tH3EObsEqeYwDd1yCc3BFb0Aan0aw==",
      "license": "EUPL-1.2"
    },
    "node_modules/@reticulum/node": {
      "version": "0.6.5",
      "resolved": "https://registry.npmjs.org/@reticulum/node/-/node-0.6.5.tgz",
      "integrity": "sha512-wA684btto1ZQhVYHTn8zkPeURRGX1IDZyvQTU56IzRW1Iz9pdp4Hal9WpjjqjD103eb0fqKpBz2yRdHOFSatyw==",
      "license": "EUPL-1.2",
      "dependencies": {
        "@reticulum/core": "^0.6.5"
      },
      "bin": {
        "rfed": "src/cli/rfed.js"
      }
    },
    "node_modules/@types/node": {
      "version": "26.2.0",
      "resolved": "https://registry.npmjs.org/@types/node/-/node-26.2.0.tgz",
      "integrity": "sha512-5IviulTZeRNp2vAJ514cc/HUlY5nZ9fCbq9DMyC52BrhFZACo3nI0R7qBxhQmo/d27NFe96ur/b7Wwxklda+kg==",
      "license": "MIT",
      "dependencies": {
        "undici-types": "~8.3.0"
      }
    },
    "node_modules/undici-types": {
      "version": "8.3.0",
      "resolved": "https://registry.npmjs.org/undici-types/-/undici-types-8.3.0.tgz",
      "integrity": "sha512-j375ScV60dom+YkPFIfTLcOiPxkN/buHz5GobjLhixFuANaNs3C9l4GmrWqejgXWJ7BbJcFYpTEUkS1Ge8bpZQ==",
      "license": "MIT"
    }
  }
}
