{
  "name": "@reticulum/dacar",
  "version": "1.1.2",
  "lockfileVersion": 3,
  "requires": true,
  "packages": {
    "": {
      "name": "@reticulum/dacar",
      "version": "1.1.2",
      "license": "EUPL-1.2",
      "dependencies": {
        "@reticulum/core": "^0.6.3",
        "@reticulum/node": "^0.6.3"
      },
      "bin": {
        "dacar": "src/cli/dacar.js"
      },
      "engines": {
        "node": ">=20"
      }
    },
    "node_modules/@reticulum/core": {
      "version": "0.6.3",
      "resolved": "https://registry.npmjs.org/@reticulum/core/-/core-0.6.3.tgz",
      "integrity": "sha512-YuH6lgKxDbJyTLvoG6QOpJQikq8rQaO03tofZMrCxsoyXlsRjVoGYDQv7Le2tt/Qn5rH/m0op3FmofizpU8cFQ==",
      "license": "EUPL-1.2"
    },
    "node_modules/@reticulum/node": {
      "version": "0.6.3",
      "resolved": "https://registry.npmjs.org/@reticulum/node/-/node-0.6.3.tgz",
      "integrity": "sha512-wTrBT2WPKUnNGbi5eBDRSpEv2kYhYLceNVZ4W5SsMPGV+xDHd/+bBukpBmQYaZHRhj4DfFYvzv2jDk9VLJMjpQ==",
      "license": "EUPL-1.2",
      "dependencies": {
        "@reticulum/core": "^0.6.3"
      },
      "bin": {
        "rfed": "src/cli/rfed.js"
      }
    }
  }
}
